
Microsoft Visual Studio Solution File, Format Version 12.00
# Visual Studio Version 17
VisualStudioVersion = 17.7.34018.315
MinimumVisualStudioVersion = 10.0.40219.1
Project("{FAE04EC0-301F-11D3-BF4B-00C04F79EFBC}") = "Problem", "Problem\Problem.csproj", "{F9594D94-5258-42D2-955B-D646D448E590}"
EndProject
Global
	GlobalSection(SolutionConfigurationPlatforms) = preSolution
		Debug|Any CPU = Debug|Any CPU
		Release|Any CPU = Release|Any CPU
	EndGlobalSection
	GlobalSection(ProjectConfigurationPlatforms) = postSolution
		{F9594D94-5258-42D2-955B-D646D448E590}.Debug|Any CPU.ActiveCfg = Debug|Any CPU
		{F9594D94-5258-42D2-955B-D646D448E590}.Debug|Any CPU.Build.0 = Debug|Any CPU
		{F9594D94-5258-42D2-955B-D646D448E590}.Release|Any CPU.ActiveCfg = Release|Any CPU
		{F9594D94-5258-42D2-955B-D646D448E590}.Release|Any CPU.Build.0 = Release|Any CPU
	EndGlobalSection
	GlobalSection(SolutionProperties) = preSolution
		HideSolutionNode = FALSE
	EndGlobalSection
	GlobalSection(ExtensibilityGlobals) = postSolution
		SolutionGuid = {E21F3C97-BD44-4E6A-A2E4-7FB61A22DB1C}
	EndGlobalSection
EndGlobal
